
Microsoft Visual Studio Solution File, Format Version 12.00
# Visual Studio Version 17
VisualStudioVersion = 17.14.36616.10 d17.14
MinimumVisualStudioVersion = 10.0.40219.1
Project("{FAE04EC0-301F-11D3-BF4B-00C04F79EFBC}") = "LaVozGuamoteAPI", "LaVozGuamoteAPI.csproj", "{D9834EFC-3D1B-C8D5-6D34-C0054B29FC0A}"
EndProject
Global
	GlobalSection(SolutionConfigurationPlatforms) = preSolution
		Debug|Any CPU = Debug|Any CPU
		Release|Any CPU = Release|Any CPU
	EndGlobalSection
	GlobalSection(ProjectConfigurationPlatforms) = postSolution
		{D9834EFC-3D1B-C8D5-6D34-C0054B29FC0A}.Debug|Any CPU.ActiveCfg = Debug|Any CPU
		{D9834EFC-3D1B-C8D5-6D34-C0054B29FC0A}.Debug|Any CPU.Build.0 = Debug|Any CPU
		{D9834EFC-3D1B-C8D5-6D34-C0054B29FC0A}.Release|Any CPU.ActiveCfg = Release|Any CPU
		{D9834EFC-3D1B-C8D5-6D34-C0054B29FC0A}.Release|Any CPU.Build.0 = Release|Any CPU
	EndGlobalSection
	GlobalSection(SolutionProperties) = preSolution
		HideSolutionNode = FALSE
	EndGlobalSection
	GlobalSection(ExtensibilityGlobals) = postSolution
		SolutionGuid = {C1ECFA1F-F123-41BE-8AEB-E24EA6F1AC6B}
	EndGlobalSection
EndGlobal
